
Microsoft Visual Studio Solution File, Format Version 12.00
# Visual Studio Version 16
VisualStudioVersion = 16.0.31129.286
MinimumVisualStudioVersion = 10.0.40219.1
Project("{FAE04EC0-301F-11D3-BF4B-00C04F79EFBC}") = "Maze", "Maze\Maze.csproj", "{71FC0AA9-69B8-47A9-926D-2FDC9808A64A}"
EndProject
Global
	GlobalSection(SolutionConfigurationPlatforms) = preSolution
		Debug|Any CPU = Debug|Any CPU
		Release|Any CPU = Release|Any CPU
	EndGlobalSection
	GlobalSection(ProjectConfigurationPlatforms) = postSolution
		{71FC0AA9-69B8-47A9-926D-2FDC9808A64A}.Debug|Any CPU.ActiveCfg = Debug|Any CPU
		{71FC0AA9-69B8-47A9-926D-2FDC9808A64A}.Debug|Any CPU.Build.0 = Debug|Any CPU
		{71FC0AA9-69B8-47A9-926D-2FDC9808A64A}.Release|Any CPU.ActiveCfg = Release|Any CPU
		{71FC0AA9-69B8-47A9-926D-2FDC9808A64A}.Release|Any CPU.Build.0 = Release|Any CPU
	EndGlobalSection
	GlobalSection(SolutionProperties) = preSolution
		HideSolutionNode = FALSE
	EndGlobalSection
	GlobalSection(ExtensibilityGlobals) = postSolution
		SolutionGuid = {DD0DBE87-CC7C-44A2-8551-1F96D90C2BCB}
	EndGlobalSection
EndGlobal
